
Microsoft Visual Studio Solution File, Format Version 12.00
# Visual Studio Version 17
VisualStudioVersion = 17.14.36616.10 d17.14
MinimumVisualStudioVersion = 10.0.40219.1
Project("{FAE04EC0-301F-11D3-BF4B-00C04F79EFBC}") = "AuthenticationService", "AuthenticationService\AuthenticationService.csproj", "{28B0E75D-3D9B-4C6C-93ED-A236ECD9EC75}"
EndProject
Global
	GlobalSection(SolutionConfigurationPlatforms) = preSolution
		Debug|Any CPU = Debug|Any CPU
		Release|Any CPU = Release|Any CPU
	EndGlobalSection
	GlobalSection(ProjectConfigurationPlatforms) = postSolution
		{28B0E75D-3D9B-4C6C-93ED-A236ECD9EC75}.Debug|Any CPU.ActiveCfg = Debug|Any CPU
		{28B0E75D-3D9B-4C6C-93ED-A236ECD9EC75}.Debug|Any CPU.Build.0 = Debug|Any CPU
		{28B0E75D-3D9B-4C6C-93ED-A236ECD9EC75}.Release|Any CPU.ActiveCfg = Release|Any CPU
		{28B0E75D-3D9B-4C6C-93ED-A236ECD9EC75}.Release|Any CPU.Build.0 = Release|Any CPU
	EndGlobalSection
	GlobalSection(SolutionProperties) = preSolution
		HideSolutionNode = FALSE
	EndGlobalSection
	GlobalSection(ExtensibilityGlobals) = postSolution
		SolutionGuid = {BC5617D7-71A3-45AC-B845-1C84577052DB}
	EndGlobalSection
EndGlobal
